
Microsoft Visual Studio Solution File, Format Version 12.00
# Visual Studio Version 17
VisualStudioVersion = 17.13.35931.197 d17.13
MinimumVisualStudioVersion = 10.0.40219.1
Project("{FAE04EC0-301F-11D3-BF4B-00C04F79EFBC}") = "NullTweaks", "NullTweaks\NullTweaks.csproj", "{D1DB0DDC-E03F-6A5E-B147-4DE090FACFB0}"
EndProject
Global
	GlobalSection(SolutionConfigurationPlatforms) = preSolution
		Debug|Any CPU = Debug|Any CPU
		Release|Any CPU = Release|Any CPU
	EndGlobalSection
	GlobalSection(ProjectConfigurationPlatforms) = postSolution
		{D1DB0DDC-E03F-6A5E-B147-4DE090FACFB0}.Debug|Any CPU.ActiveCfg = Debug|Any CPU
		{D1DB0DDC-E03F-6A5E-B147-4DE090FACFB0}.Debug|Any CPU.Build.0 = Debug|Any CPU
		{D1DB0DDC-E03F-6A5E-B147-4DE090FACFB0}.Release|Any CPU.ActiveCfg = Release|Any CPU
		{D1DB0DDC-E03F-6A5E-B147-4DE090FACFB0}.Release|Any CPU.Build.0 = Release|Any CPU
	EndGlobalSection
	GlobalSection(SolutionProperties) = preSolution
		HideSolutionNode = FALSE
	EndGlobalSection
	GlobalSection(ExtensibilityGlobals) = postSolution
		SolutionGuid = {7917DC69-A2C1-446E-B8B0-4689D8D91767}
	EndGlobalSection
EndGlobal
